
Microsoft Visual Studio Solution File, Format Version 12.00
# Visual Studio 15
VisualStudioVersion = 15.0.26730.10
MinimumVisualStudioVersion = 10.0.40219.1
Project("{FAE04EC0-301F-11D3-BF4B-00C04F79EFBC}") = "StJamesEdgeAttend", "StJamesEdgeAttend\StJamesEdgeAttend.csproj", "{7A39788E-C541-44BC-8A24-D243DAED07AE}"
EndProject
Global
	GlobalSection(SolutionConfigurationPlatforms) = preSolution
		Debug|Any CPU = Debug|Any CPU
		Release|Any CPU = Release|Any CPU
	EndGlobalSection
	GlobalSection(ProjectConfigurationPlatforms) = postSolution
		{7A39788E-C541-44BC-8A24-D243DAED07AE}.Debug|Any CPU.ActiveCfg = Debug|Any CPU
		{7A39788E-C541-44BC-8A24-D243DAED07AE}.Debug|Any CPU.Build.0 = Debug|Any CPU
		{7A39788E-C541-44BC-8A24-D243DAED07AE}.Release|Any CPU.ActiveCfg = Release|Any CPU
		{7A39788E-C541-44BC-8A24-D243DAED07AE}.Release|Any CPU.Build.0 = Release|Any CPU
	EndGlobalSection
	GlobalSection(SolutionProperties) = preSolution
		HideSolutionNode = FALSE
	EndGlobalSection
	GlobalSection(ExtensibilityGlobals) = postSolution
		SolutionGuid = {6C39C50B-2872-4E1D-B25F-C1863ED1762F}
	EndGlobalSection
EndGlobal
